// !$*UTF8*$!
{
	archiveVersion = 1;
	classes = {
	};
	objectVersion = 50;
	objects = {

/* Begin PBXBuildFile section */
		613B9FF521F492AB005A398E /* AppDelegate.swift in Sources */ = {isa = PBXBuildFile; fileRef = 613B9FF421F492AB005A398E /* AppDelegate.swift */; };
		613B9FF721F492AB005A398E /* ClickerViewController.swift in Sources */ = {isa = PBXBuildFile; fileRef = 613B9FF621F492AB005A398E /* ClickerViewController.swift */; };
		613B9FFC21F492AF005A398E /* Assets.xcassets in Resources */ = {isa = PBXBuildFile; fileRef = 613B9FFB21F492AF005A398E /* Assets.xcassets */; };
		613B9FFF21F492AF005A398E /* LaunchScreen.storyboard in Resources */ = {isa = PBXBuildFile; fileRef = 613B9FFD21F492AF005A398E /* LaunchScreen.storyboard */; };
		613BA00B21F4D97B005A398E /* UIButton.swift in Sources */ = {isa = PBXBuildFile; fileRef = 613BA00A21F4D97B005A398E /* UIButton.swift */; };
		613BA00D21F5AC3E005A398E /* 765.swift in Sources */ = {isa = PBXBuildFile; fileRef = 613BA00C21F5AC3E005A398E /* 765.swift */; };
/* End PBXBuildFile section */

/* Begin PBXFileReference section */
		613B9FF121F492AB005A398E /* Clicker.app */ = {isa = PBXFileReference; explicitFileType = wrapper.application; includeInIndex = 0; path = Clicker.app; sourceTree = BUILT_PRODUCTS_DIR; };
		613B9FF421F492AB005A398E /* AppDelegate.swift */ = {isa = PBXFileReference; lastKnownFileType = sourcecode.swift; path = AppDelegate.swift; sourceTree = "<group>"; };
		613B9FF621F492AB005A398E /* ClickerViewController.swift */ = {isa = PBXFileReference; lastKnownFileType = sourcecode.swift; path = ClickerViewController.swift; sourceTree = "<group>"; };
		613B9FFB21F492AF005A398E /* Assets.xcassets */ = {isa = PBXFileReference; lastKnownFileType = folder.assetcatalog; path = Assets.xcassets; sourceTree = "<group>"; };
		613B9FFE21F492AF005A398E /* Base */ = {isa = PBXFileReference; lastKnownFileType = file.storyboard; name = Base; path = Base.lproj/LaunchScreen.storyboard; sourceTree = "<group>"; };
		613BA00021F492AF005A398E /* Info.plist */ = {isa = PBXFileReference; lastKnownFileType = text.plist.xml; path = Info.plist; sourceTree = "<group>"; };
		613BA00A21F4D97B005A398E /* UIButton.swift */ = {isa = PBXFileReference; lastKnownFileType = sourcecode.swift; path = UIButton.swift; sourceTree = "<group>"; };
		613BA00C21F5AC3E005A398E /* 765.swift */ = {isa = PBXFileReference; lastKnownFileType = sourcecode.swift; path = 765.swift; sourceTree = "<group>"; };
/* End PBXFileReference section */

/* Begin PBXFrameworksBuildPhase section */
		613B9FEE21F492AB005A398E /* Frameworks */ = {
			isa = PBXFrameworksBuildPhase;
			buildActionMask = 2147483647;
			files = (
			);
			runOnlyForDeploymentPostprocessing = 0;
		};
/* End PBXFrameworksBuildPhase section */

/* Begin PBXGroup section */
		613B9FE821F492AB005A398E = {
			isa = PBXGroup;
			children = (
				613B9FF321F492AB005A398E /* Clicker */,
				613B9FF221F492AB005A398E /* Products */,
			);
			sourceTree = "<group>";
		};
		613B9FF221F492AB005A398E /* Products */ = {
			isa = PBXGroup;
			children = (
				613B9FF121F492AB005A398E /* Clicker.app */,
			);
			name = Products;
			sourceTree = "<group>";
		};
		613B9FF321F492AB005A398E /* Clicker */ = {
			isa = PBXGroup;
			children = (
				613BA00821F492CF005A398E /* Controllers */,
				613BA00721F492CC005A398E /* Storyboard */,
				613BA00621F492C8005A398E /* All */,
			);
			path = Clicker;
			sourceTree = "<group>";
		};
		613BA00621F492C8005A398E /* All */ = {
			isa = PBXGroup;
			children = (
				613B9FFB21F492AF005A398E /* Assets.xcassets */,
				613BA00021F492AF005A398E /* Info.plist */,
			);
			path = All;
			sourceTree = "<group>";
		};
		613BA00721F492CC005A398E /* Storyboard */ = {
			isa = PBXGroup;
			children = (
				613B9FFD21F492AF005A398E /* LaunchScreen.storyboard */,
			);
			path = Storyboard;
			sourceTree = "<group>";
		};
		613BA00821F492CF005A398E /* Controllers */ = {
			isa = PBXGroup;
			children = (
				613B9FF421F492AB005A398E /* AppDelegate.swift */,
				613B9FF621F492AB005A398E /* ClickerViewController.swift */,
				613BA00C21F5AC3E005A398E /* 765.swift */,
				613BA00921F4D957005A398E /* Extenshion */,
			);
			path = Controllers;
			sourceTree = "<group>";
		};
		613BA00921F4D957005A398E /* Extenshion */ = {
			isa = PBXGroup;
			children = (
				613BA00A21F4D97B005A398E /* UIButton.swift */,
			);
			path = Extenshion;
			sourceTree = "<group>";
		};
/* End PBXGroup section */

/* Begin PBXNativeTarget section */
		613B9FF021F492AB005A398E /* Clicker */ = {
			isa = PBXNativeTarget;
			buildConfigurationList = 613BA00321F492AF005A398E /* Build configuration list for PBXNativeTarget "Clicker" */;
			buildPhases = (
				613B9FED21F492AB005A398E /* Sources */,
				613B9FEE21F492AB005A398E /* Frameworks */,
				613B9FEF21F492AB005A398E /* Resources */,
			);
			buildRules = (
			);
			dependencies = (
			);
			name = Clicker;
			productName = Clicker;
			productReference = 613B9FF121F492AB005A398E /* Clicker.app */;
			productType = "com.apple.product-type.application";
		};
/* End PBXNativeTarget section */

/* Begin PBXProject section */
		613B9FE921F492AB005A398E /* Project object */ = {
			isa = PBXProject;
			attributes = {
				LastSwiftUpdateCheck = 1010;
				LastUpgradeCheck = 1010;
				ORGANIZATIONNAME = Evgeniy;
				TargetAttributes = {
					613B9FF021F492AB005A398E = {
						CreatedOnToolsVersion = 10.1;
					};
				};
			};
			buildConfigurationList = 613B9FEC21F492AB005A398E /* Build configuration list for PBXProject "Clicker" */;
			compatibilityVersion = "Xcode 9.3";
			developmentRegion = en;
			hasScannedForEncodings = 0;
			knownRegions = (
				en,
				Base,
			);
			mainGroup = 613B9FE821F492AB005A398E;
			productRefGroup = 613B9FF221F492AB005A398E /* Products */;
			projectDirPath = "";
			projectRoot = "";
			targets = (
				613B9FF021F492AB005A398E /* Clicker */,
			);
		};
/* End PBXProject section */

/* Begin PBXResourcesBuildPhase section */
		613B9FEF21F492AB005A398E /* Resources */ = {
			isa = PBXResourcesBuildPhase;
			buildActionMask = 2147483647;
			files = (
				613B9FFF21F492AF005A398E /* LaunchScreen.storyboard in Resources */,
				613B9FFC21F492AF005A398E /* Assets.xcassets in Resources */,
			);
			runOnlyForDeploymentPostprocessing = 0;
		};
/* End PBXResourcesBuildPhase section */

/* Begin PBXSourcesBuildPhase section */
		613B9FED21F492AB005A398E /* Sources */ = {
			isa = PBXSourcesBuildPhase;
			buildActionMask = 2147483647;
			files = (
				613B9FF721F492AB005A398E /* ClickerViewController.swift in Sources */,
				613B9FF521F492AB005A398E /* AppDelegate.swift in Sources */,
				613BA00D21F5AC3E005A398E /* 765.swift in Sources */,
				613BA00B21F4D97B005A398E /* UIButton.swift in Sources */,
			);
			runOnlyForDeploymentPostprocessing = 0;
		};
/* End PBXSourcesBuildPhase section */

/* Begin PBXVariantGroup section */
		613B9FFD21F492AF005A398E /* LaunchScreen.storyboard */ = {
			isa = PBXVariantGroup;
			children = (
				613B9FFE21F492AF005A398E /* Base */,
			);
			name = LaunchScreen.storyboard;
			sourceTree = "<group>";
		};
/* End PBXVariantGroup section */

/* Begin XCBuildConfiguration section */
		613BA00121F492AF005A398E /* Debug */ = {
			isa = XCBuildConfiguration;
			buildSettings = {
				ALWAYS_SEARCH_USER_PATHS = NO;
				CLANG_ANALYZER_NONNULL = YES;
				CLANG_ANALYZER_NUMBER_OBJECT_CONVERSION = YES_AGGRESSIVE;
				CLANG_CXX_LANGUAGE_STANDARD = "gnu++14";
				CLANG_CXX_LIBRARY = "libc++";
				CLANG_ENABLE_MODULES = YES;
				CLANG_ENABLE_OBJC_ARC = YES;
				CLANG_ENABLE_OBJC_WEAK = YES;
				CLANG_WARN_BLOCK_CAPTURE_AUTORELEASING = YES;
				CLANG_WARN_BOOL_CONVERSION = YES;
				CLANG_WARN_COMMA = YES;
				CLANG_WARN_CONSTANT_CONVERSION = YES;
				CLANG_WARN_DEPRECATED_OBJC_IMPLEMENTATIONS = YES;
				CLANG_WARN_DIRECT_OBJC_ISA_USAGE = YES_ERROR;
				CLANG_WARN_DOCUMENTATION_COMMENTS = YES;
				CLANG_WARN_EMPTY_BODY = YES;
				CLANG_WARN_ENUM_CONVERSION = YES;
				CLANG_WARN_INFINITE_RECURSION = YES;
				CLANG_WARN_INT_CONVERSION = YES;
				CLANG_WARN_NON_LITERAL_NULL_CONVERSION = YES;
				CLANG_WARN_OBJC_IMPLICIT_RETAIN_SELF = YES;
				CLANG_WARN_OBJC_LITERAL_CONVERSION = YES;
				CLANG_WARN_OBJC_ROOT_CLASS = YES_ERROR;
				CLANG_WARN_RANGE_LOOP_ANALYSIS = YES;
				CLANG_WARN_STRICT_PROTOTYPES = YES;
				CLANG_WARN_SUSPICIOUS_MOVE = YES;
				CLANG_WARN_UNGUARDED_AVAILABILITY = YES_AGGRESSIVE;
				CLANG_WARN_UNREACHABLE_CODE = YES;
				CLANG_WARN__DUPLICATE_METHOD_MATCH = YES;
				CODE_SIGN_IDENTITY = "iPhone Developer";
				COPY_PHASE_STRIP = NO;
				DEBUG_INFORMATION_FORMAT = dwarf;
				ENABLE_STRICT_OBJC_MSGSEND = YES;
				ENABLE_TESTABILITY = YES;
				GCC_C_LANGUAGE_STANDARD = gnu11;
				GCC_DYNAMIC_NO_PIC = NO;
				GCC_NO_COMMON_BLOCKS = YES;
				GCC_OPTIMIZATION_LEVEL = 0;
				GCC_PREPROCESSOR_DEFINITIONS = (
					"DEBUG=1",
					"$(inherited)",
				);
				GCC_WARN_64_TO_32_BIT_CONVERSION = YES;
				GCC_WARN_ABOUT_RETURN_TYPE = YES_ERROR;
				GCC_WARN_UNDECLARED_SELECTOR = YES;
				GCC_WARN_UNINITIALIZED_AUTOS = YES_AGGRESSIVE;
				GCC_WARN_UNUSED_FUNCTION = YES;
				GCC_WARN_UNUSED_VARIABLE = YES;
				IPHONEOS_DEPLOYMENT_TARGET = 12.1;
				MTL_ENABLE_DEBUG_INFO = INCLUDE_SOURCE;
				MTL_FAST_MATH = YES;
				ONLY_ACTIVE_ARCH = YES;
				SDKROOT = iphoneos;
				SWIFT_ACTIVE_COMPILATION_CONDITIONS = DEBUG;
				SWIFT_OPTIMIZATION_LEVEL = "-Onone";
			};
			name = Debug;
		};
		613BA00221F492AF005A398E /* Release */ = {
			isa = XCBuildConfiguration;
			buildSettings = {
				ALWAYS_SEARCH_USER_PATHS = NO;
				CLANG_ANALYZER_NONNULL = YES;
				CLANG_ANALYZER_NUMBER_OBJECT_CONVERSION = YES_AGGRESSIVE;
				CLANG_CXX_LANGUAGE_STANDARD = "gnu++14";
				CLANG_CXX_LIBRARY = "libc++";
				CLANG_ENABLE_MODULES = YES;
				CLANG_ENABLE_OBJC_ARC = YES;
				CLANG_ENABLE_OBJC_WEAK = YES;
				CLANG_WARN_BLOCK_CAPTURE_AUTORELEASING = YES;
				CLANG_WARN_BOOL_CONVERSION = YES;
				CLANG_WARN_COMMA = YES;
				CLANG_WARN_CONSTANT_CONVERSION = YES;
				CLANG_WARN_DEPRECATED_OBJC_IMPLEMENTATIONS = YES;
				CLANG_WARN_DIRECT_OBJC_ISA_USAGE = YES_ERROR;
				CLANG_WARN_DOCUMENTATION_COMMENTS = YES;
				CLANG_WARN_EMPTY_BODY = YES;
				CLANG_WARN_ENUM_CONVERSION = YES;
				CLANG_WARN_INFINITE_RECURSION = YES;
				CLANG_WARN_INT_CONVERSION = YES;
				CLANG_WARN_NON_LITERAL_NULL_CONVERSION = YES;
				CLANG_WARN_OBJC_IMPLICIT_RETAIN_SELF = YES;
				CLANG_WARN_OBJC_LITERAL_CONVERSION = YES;
				CLANG_WARN_OBJC_ROOT_CLASS = YES_ERROR;
				CLANG_WARN_RANGE_LOOP_ANALYSIS = YES;
				CLANG_WARN_STRICT_PROTOTYPES = YES;
				CLANG_WARN_SUSPICIOUS_MOVE = YES;
				CLANG_WARN_UNGUARDED_AVAILABILITY = YES_AGGRESSIVE;
				CLANG_WARN_UNREACHABLE_CODE = YES;
				CLANG_WARN__DUPLICATE_METHOD_MATCH = YES;
				CODE_SIGN_IDENTITY = "iPhone Developer";
				COPY_PHASE_STRIP = NO;
				DEBUG_INFORMATION_FORMAT = "dwarf-with-dsym";
				ENABLE_NS_ASSERTIONS = NO;
				ENABLE_STRICT_OBJC_MSGSEND = YES;
				GCC_C_LANGUAGE_STANDARD = gnu11;
				GCC_NO_COMMON_BLOCKS = YES;
				GCC_WARN_64_TO_32_BIT_CONVERSION = YES;
				GCC_WARN_ABOUT_RETURN_TYPE = YES_ERROR;
				GCC_WARN_UNDECLARED_SELECTOR = YES;
				GCC_WARN_UNINITIALIZED_AUTOS = YES_AGGRESSIVE;
				GCC_WARN_UNUSED_FUNCTION = YES;
				GCC_WARN_UNUSED_VARIABLE = YES;
				IPHONEOS_DEPLOYMENT_TARGET = 12.1;
				MTL_ENABLE_DEBUG_INFO = NO;
				MTL_FAST_MATH = YES;
				SDKROOT = iphoneos;
				SWIFT_COMPILATION_MODE = wholemodule;
				SWIFT_OPTIMIZATION_LEVEL = "-O";
				VALIDATE_PRODUCT = YES;
			};
			name = Release;
		};
		613BA00421F492AF005A398E /* Debug */ = {
			isa = XCBuildConfiguration;
			buildSettings = {
				ASSETCATALOG_COMPILER_APPICON_NAME = AppIcon;
				CODE_SIGN_STYLE = Automatic;
				DEVELOPMENT_TEAM = 3Z9HPQ3BXA;
				INFOPLIST_FILE = "$(SRCROOT)/Clicker/All/Info.plist";
				LD_RUNPATH_SEARCH_PATHS = (
					"$(inherited)",
					"@executable_path/Frameworks",
				);
				PRODUCT_BUNDLE_IDENTIFIER = "-.Clicker";
				PRODUCT_NAME = "$(TARGET_NAME)";
				SWIFT_VERSION = 4.2;
				TARGETED_DEVICE_FAMILY = "1,2";
			};
			name = Debug;
		};
		613BA00521F492AF005A398E /* Release */ = {
			isa = XCBuildConfiguration;
			buildSettings = {
				ASSETCATALOG_COMPILER_APPICON_NAME = AppIcon;
				CODE_SIGN_STYLE = Automatic;
				DEVELOPMENT_TEAM = 3Z9HPQ3BXA;
				INFOPLIST_FILE = "$(SRCROOT)/Clicker/All/Info.plist";
				LD_RUNPATH_SEARCH_PATHS = (
					"$(inherited)",
					"@executable_path/Frameworks",
				);
				PRODUCT_BUNDLE_IDENTIFIER = "-.Clicker";
				PRODUCT_NAME = "$(TARGET_NAME)";
				SWIFT_VERSION = 4.2;
				TARGETED_DEVICE_FAMILY = "1,2";
			};
			name = Release;
		};
/* End XCBuildConfiguration section */

/* Begin XCConfigurationList section */
		613B9FEC21F492AB005A398E /* Build configuration list for PBXProject "Clicker" */ = {
			isa = XCConfigurationList;
			buildConfigurations = (
				613BA00121F492AF005A398E /* Debug */,
				613BA00221F492AF005A398E /* Release */,
			);
			defaultConfigurationIsVisible = 0;
			defaultConfigurationName = Release;
		};
		613BA00321F492AF005A398E /* Build configuration list for PBXNativeTarget "Clicker" */ = {
			isa = XCConfigurationList;
			buildConfigurations = (
				613BA00421F492AF005A398E /* Debug */,
				613BA00521F492AF005A398E /* Release */,
			);
			defaultConfigurationIsVisible = 0;
			defaultConfigurationName = Release;
		};
/* End XCConfigurationList section */
	};
	rootObject = 613B9FE921F492AB005A398E /* Project object */;
}
